{
  "lockfile_version": "1",
  "packages": {
    "yt-dlp@latest": {
      "last_modified": "2024-04-19T21:36:04Z",
      "resolved": "github:NixOS/nixpkgs/92d295f588631b0db2da509f381b4fb1e74173c5#yt-dlp",
      "source": "devbox-search",
      "version": "2024.4.9",
      "systems": {
        "aarch64-darwin": {
          "store_path": "/nix/store/idc4xrx9l06x87yvgp2jfs79ydm2zhc6-python3.11-yt-dlp-2024.4.9"
        },
        "aarch64-linux": {
          "store_path": "/nix/store/xxchcsmrr3aaj2rw37bivlczxba13gsw-python3.11-yt-dlp-2024.4.9"
        },
        "x86_64-darwin": {
          "store_path": "/nix/store/iaajn6c7rwavagcayi5pwyywqfp771vn-python3.11-yt-dlp-2024.4.9"
        },
        "x86_64-linux": {
          "store_path": "/nix/store/baz9anzh83wdcv4pc35208brnwaanwqs-python3.11-yt-dlp-2024.4.9"
        }
      }
    }
  }
}
